
Microsoft Visual Studio Solution File, Format Version 12.00
# Visual Studio 15
VisualStudioVersion = 15.0.28307.136
MinimumVisualStudioVersion = 10.0.40219.1
Project("{FAE04EC0-301F-11D3-BF4B-00C04F79EFBC}") = "TaskManApi", "TaskManApi\TaskManApi.csproj", "{2E13B1F9-05CA-43AD-98D8-103C8B924CA4}"
EndProject
Project("{FAE04EC0-301F-11D3-BF4B-00C04F79EFBC}") = "TaskManApi.Tests", "TaskManApi.Tests\TaskManApi.Tests.csproj", "{60479C90-8ED3-454C-8D2C-2260E1B708AB}"
EndProject
Project("{FAE04EC0-301F-11D3-BF4B-00C04F79EFBC}") = "TaskMan.Data", "TaskMan.Data\TaskMan.Data.csproj", "{3EFEE86E-3A86-4388-8BF6-45B0D5720855}"
EndProject
Project("{FAE04EC0-301F-11D3-BF4B-00C04F79EFBC}") = "TaskMan.Business", "TaskMan.Business\TaskMan.Business.csproj", "{5F41FA2E-9D93-4E7B-9E38-8C3E8A255EAC}"
EndProject
Project("{2150E333-8FDC-42A3-9474-1A3956D46DE8}") = "Solution Items", "Solution Items", "{44697EFB-B4FD-47A9-B802-F51526451021}"
	ProjectSection(SolutionItems) = preProject
		Local.testsettings = Local.testsettings
	EndProjectSection
EndProject
Project("{FAE04EC0-301F-11D3-BF4B-00C04F79EFBC}") = "TaskManApi.LoadTests", "TaskManApi.LoadTests\TaskManApi.LoadTests.csproj", "{7EBCB02D-D6A1-4BE0-9D57-8A1E74509C4B}"
EndProject
Global
	GlobalSection(SolutionConfigurationPlatforms) = preSolution
		Debug|Any CPU = Debug|Any CPU
		Release|Any CPU = Release|Any CPU
	EndGlobalSection
	GlobalSection(ProjectConfigurationPlatforms) = postSolution
		{2E13B1F9-05CA-43AD-98D8-103C8B924CA4}.Debug|Any CPU.ActiveCfg = Debug|Any CPU
		{2E13B1F9-05CA-43AD-98D8-103C8B924CA4}.Debug|Any CPU.Build.0 = Debug|Any CPU
		{2E13B1F9-05CA-43AD-98D8-103C8B924CA4}.Release|Any CPU.ActiveCfg = Release|Any CPU
		{2E13B1F9-05CA-43AD-98D8-103C8B924CA4}.Release|Any CPU.Build.0 = Release|Any CPU
		{60479C90-8ED3-454C-8D2C-2260E1B708AB}.Debug|Any CPU.ActiveCfg = Debug|Any CPU
		{60479C90-8ED3-454C-8D2C-2260E1B708AB}.Debug|Any CPU.Build.0 = Debug|Any CPU
		{60479C90-8ED3-454C-8D2C-2260E1B708AB}.Release|Any CPU.ActiveCfg = Release|Any CPU
		{60479C90-8ED3-454C-8D2C-2260E1B708AB}.Release|Any CPU.Build.0 = Release|Any CPU
		{3EFEE86E-3A86-4388-8BF6-45B0D5720855}.Debug|Any CPU.ActiveCfg = Debug|Any CPU
		{3EFEE86E-3A86-4388-8BF6-45B0D5720855}.Debug|Any CPU.Build.0 = Debug|Any CPU
		{3EFEE86E-3A86-4388-8BF6-45B0D5720855}.Release|Any CPU.ActiveCfg = Release|Any CPU
		{3EFEE86E-3A86-4388-8BF6-45B0D5720855}.Release|Any CPU.Build.0 = Release|Any CPU
		{5F41FA2E-9D93-4E7B-9E38-8C3E8A255EAC}.Debug|Any CPU.ActiveCfg = Debug|Any CPU
		{5F41FA2E-9D93-4E7B-9E38-8C3E8A255EAC}.Debug|Any CPU.Build.0 = Debug|Any CPU
		{5F41FA2E-9D93-4E7B-9E38-8C3E8A255EAC}.Release|Any CPU.ActiveCfg = Release|Any CPU
		{5F41FA2E-9D93-4E7B-9E38-8C3E8A255EAC}.Release|Any CPU.Build.0 = Release|Any CPU
		{7EBCB02D-D6A1-4BE0-9D57-8A1E74509C4B}.Debug|Any CPU.ActiveCfg = Debug|Any CPU
		{7EBCB02D-D6A1-4BE0-9D57-8A1E74509C4B}.Debug|Any CPU.Build.0 = Debug|Any CPU
		{7EBCB02D-D6A1-4BE0-9D57-8A1E74509C4B}.Release|Any CPU.ActiveCfg = Release|Any CPU
		{7EBCB02D-D6A1-4BE0-9D57-8A1E74509C4B}.Release|Any CPU.Build.0 = Release|Any CPU
	EndGlobalSection
	GlobalSection(SolutionProperties) = preSolution
		HideSolutionNode = FALSE
	EndGlobalSection
	GlobalSection(ExtensibilityGlobals) = postSolution
		SolutionGuid = {90D9DD3F-0C6F-4DFF-A396-07C0BD99ABB5}
	EndGlobalSection
EndGlobal
